
Microsoft Visual Studio Solution File, Format Version 12.00
# Visual Studio Version 17
VisualStudioVersion = 17.8.34322.80
MinimumVisualStudioVersion = 10.0.40219.1
Project("{FAE04EC0-301F-11D3-BF4B-00C04F79EFBC}") = "SignalRSimpleTutorial", "SignalRSimpleTutorial\SignalRSimpleTutorial.csproj", "{47A56B88-9EF7-40B5-9020-832D19C87916}"
EndProject
Project("{FAE04EC0-301F-11D3-BF4B-00C04F79EFBC}") = "MiniSignalRClient", "MiniSignalRClient\MiniSignalRClient.csproj", "{13681366-DD9D-4CB4-9344-5BA9CC763DBE}"
EndProject
Global
	GlobalSection(SolutionConfigurationPlatforms) = preSolution
		Debug|Any CPU = Debug|Any CPU
		Release|Any CPU = Release|Any CPU
	EndGlobalSection
	GlobalSection(ProjectConfigurationPlatforms) = postSolution
		{47A56B88-9EF7-40B5-9020-832D19C87916}.Debug|Any CPU.ActiveCfg = Debug|Any CPU
		{47A56B88-9EF7-40B5-9020-832D19C87916}.Debug|Any CPU.Build.0 = Debug|Any CPU
		{47A56B88-9EF7-40B5-9020-832D19C87916}.Release|Any CPU.ActiveCfg = Release|Any CPU
		{47A56B88-9EF7-40B5-9020-832D19C87916}.Release|Any CPU.Build.0 = Release|Any CPU
		{13681366-DD9D-4CB4-9344-5BA9CC763DBE}.Debug|Any CPU.ActiveCfg = Debug|Any CPU
		{13681366-DD9D-4CB4-9344-5BA9CC763DBE}.Debug|Any CPU.Build.0 = Debug|Any CPU
		{13681366-DD9D-4CB4-9344-5BA9CC763DBE}.Release|Any CPU.ActiveCfg = Release|Any CPU
		{13681366-DD9D-4CB4-9344-5BA9CC763DBE}.Release|Any CPU.Build.0 = Release|Any CPU
	EndGlobalSection
	GlobalSection(SolutionProperties) = preSolution
		HideSolutionNode = FALSE
	EndGlobalSection
	GlobalSection(ExtensibilityGlobals) = postSolution
		SolutionGuid = {D0FD6CBB-AC6B-4F28-AAA6-1863305936C4}
	EndGlobalSection
EndGlobal
